{
  "version": "5",
  "specifiers": {
    "jsr:@standard-schema/spec@*": "1.0.0",
    "jsr:@standard-schema/spec@1": "1.0.0",
    "jsr:@std/assert@*": "1.0.12",
    "jsr:@std/assert@^1.0.13": "1.0.13",
    "jsr:@std/internal@^1.0.6": "1.0.6",
    "jsr:@std/testing@^1.0.13": "1.0.13",
    "npm:zod@^3.25.0": "3.25.8"
  },
  "jsr": {
    "@standard-schema/spec@1.0.0": {
      "integrity": "4f20bbcf34e92b92f8c01589b958abc7c87385fa9a96170cecdc643d4d5737c0"
    },
    "@std/assert@1.0.12": {
      "integrity": "08009f0926dda9cbd8bef3a35d3b6a4b964b0ab5c3e140a4e0351fbf34af5b9a",
      "dependencies": [
        "jsr:@std/internal"
      ]
    },
    "@std/assert@1.0.13": {
      "integrity": "ae0d31e41919b12c656c742b22522c32fb26ed0cba32975cb0de2a273cb68b29",
      "dependencies": [
        "jsr:@std/internal"
      ]
    },
    "@std/internal@1.0.6": {
      "integrity": "9533b128f230f73bd209408bb07a4b12f8d4255ab2a4d22a1fd6d87304aca9a4"
    },
    "@std/testing@1.0.13": {
      "integrity": "74418be16f627dfe996937ab0ffbdbda9c1f35534b78724658d981492f121e71"
    }
  },
  "npm": {
    "zod@3.25.8": {
      "integrity": "sha512-iJPWX8HoZ2VE21VrhHGU9jVo/kVDUQyqM9vF0MxDhW/fp2sAl1eVwGJgiYZdHGiMwQJImXIW80lKk0MnfDxqiQ=="
    }
  },
  "workspace": {
    "dependencies": [
      "jsr:@standard-schema/spec@1",
      "jsr:@std/assert@^1.0.13",
      "jsr:@std/testing@^1.0.13"
    ]
  }
}
