{
  "version": "5",
  "specifiers": {
    "npm:@standard-schema/spec@*": "1.0.0",
    "npm:zod@*": "3.25.8",
    "npm:zod@3": "3.25.8",
    "npm:zod@3.25": "3.25.8",
    "npm:zod@^3.2.0": "3.25.8",
    "npm:zod@^3.25.0": "3.25.8"
  },
  "npm": {
    "@standard-schema/spec@1.0.0": {
      "integrity": "sha512-m2bOd0f2RT9k8QJx1JN85cZYyH1RqFBdlwtkSlf4tBDYLCiiZnv1fIIwacK6cqwXavOydf0NPToMQgpKq+dVlA=="
    },
    "zod@3.25.8": {
      "integrity": "sha512-iJPWX8HoZ2VE21VrhHGU9jVo/kVDUQyqM9vF0MxDhW/fp2sAl1eVwGJgiYZdHGiMwQJImXIW80lKk0MnfDxqiQ=="
    }
  }
}
